
Microsoft Visual Studio Solution File, Format Version 12.00
# Visual Studio Version 16
VisualStudioVersion = 16.0.31729.503
MinimumVisualStudioVersion = 10.0.40219.1
Project("{FAE04EC0-301F-11D3-BF4B-00C04F79EFBC}") = "UniversityEntityManagement", "UniversityEntityManagement.csproj", "{64A13CE0-EA03-4D92-9403-13E9A8714950}"
EndProject
Global
	GlobalSection(SolutionConfigurationPlatforms) = preSolution
		Debug|Any CPU = Debug|Any CPU
		Release|Any CPU = Release|Any CPU
	EndGlobalSection
	GlobalSection(ProjectConfigurationPlatforms) = postSolution
		{64A13CE0-EA03-4D92-9403-13E9A8714950}.Debug|Any CPU.ActiveCfg = Debug|Any CPU
		{64A13CE0-EA03-4D92-9403-13E9A8714950}.Debug|Any CPU.Build.0 = Debug|Any CPU
		{64A13CE0-EA03-4D92-9403-13E9A8714950}.Release|Any CPU.ActiveCfg = Release|Any CPU
		{64A13CE0-EA03-4D92-9403-13E9A8714950}.Release|Any CPU.Build.0 = Release|Any CPU
	EndGlobalSection
	GlobalSection(SolutionProperties) = preSolution
		HideSolutionNode = FALSE
	EndGlobalSection
	GlobalSection(ExtensibilityGlobals) = postSolution
		SolutionGuid = {FA979C83-6AF1-44EB-BAD1-B6C76414A1AB}
	EndGlobalSection
EndGlobal
